PODS:
  - ARCL (1.1.0)
  - MIBlurPopup (0.1.3)

DEPENDENCIES:
  - ARCL
  - MIBlurPopup

SPEC REPOS:
  https://github.com/cocoapods/specs.git:
    - ARCL
    - MIBlurPopup

SPEC CHECKSUMS:
  ARCL: 8b0a375942c575472c3cdbec80262d8400f1ec42
  MIBlurPopup: e0834e469074cabf65a0ca6e6d900c84d48f8a4f

PODFILE CHECKSUM: 9ae0052f6785749f64067976bff91f60fcd50fa3

COCOAPODS: 1.5.3
