// !$*UTF8*$!
{
	archiveVersion = 1;
	classes = {
	};
	objectVersion = 50;
	objects = {

/* Begin PBXBuildFile section */
		008C74EE0D619A813CC809F9 /* Pods_ARSightseeing.framework in Frameworks */ = {isa = PBXBuildFile; fileRef = 6D5AE4BFD0F557A5B585DEF2 /* Pods_ARSightseeing.framework */; };
		49D788EE20F323C100AD0602 /* LandmarkDetailsVC.swift in Sources */ = {isa = PBXBuildFile; fileRef = 49D788ED20F323C100AD0602 /* LandmarkDetailsVC.swift */; };
		49EE65E820EB522100E18DD4 /* AppDelegate.swift in Sources */ = {isa = PBXBuildFile; fileRef = 49EE65E720EB522100E18DD4 /* AppDelegate.swift */; };
		49EE65EA20EB522100E18DD4 /* art.scnassets in Resources */ = {isa = PBXBuildFile; fileRef = 49EE65E920EB522100E18DD4 /* art.scnassets */; };
		49EE65EC20EB522100E18DD4 /* ViewController.swift in Sources */ = {isa = PBXBuildFile; fileRef = 49EE65EB20EB522100E18DD4 /* ViewController.swift */; };
		49EE65EF20EB522100E18DD4 /* Main.storyboard in Resources */ = {isa = PBXBuildFile; fileRef = 49EE65ED20EB522100E18DD4 /* Main.storyboard */; };
		49EE65F120EB522200E18DD4 /* Assets.xcassets in Resources */ = {isa = PBXBuildFile; fileRef = 49EE65F020EB522200E18DD4 /* Assets.xcassets */; };
		49EE65F420EB522200E18DD4 /* LaunchScreen.storyboard in Resources */ = {isa = PBXBuildFile; fileRef = 49EE65F220EB522200E18DD4 /* LaunchScreen.storyboard */; };
		49EE65FF20EB522300E18DD4 /* ARSightseeingTests.swift in Sources */ = {isa = PBXBuildFile; fileRef = 49EE65FE20EB522300E18DD4 /* ARSightseeingTests.swift */; };
		49EE660B20EEA20900E18DD4 /* LocationLayerNode.swift in Sources */ = {isa = PBXBuildFile; fileRef = 49EE660A20EEA20900E18DD4 /* LocationLayerNode.swift */; };
		49EE661220EEB83000E18DD4 /* Locations.json in Resources */ = {isa = PBXBuildFile; fileRef = 49EE661120EEB83000E18DD4 /* Locations.json */; };
		49EE661720EEB8EA00E18DD4 /* LocationObject.swift in Sources */ = {isa = PBXBuildFile; fileRef = 49EE661620EEB8EA00E18DD4 /* LocationObject.swift */; };
		49EE661920EEB91100E18DD4 /* LocationFactory.swift in Sources */ = {isa = PBXBuildFile; fileRef = 49EE661820EEB91100E18DD4 /* LocationFactory.swift */; };
		49EE661B20EEBC4C00E18DD4 /* LandmarkNode.swift in Sources */ = {isa = PBXBuildFile; fileRef = 49EE661A20EEBC4C00E18DD4 /* LandmarkNode.swift */; };
/* End PBXBuildFile section */

/* Begin PBXContainerItemProxy section */
		49EE65FB20EB522300E18DD4 /* PBXContainerItemProxy */ = {
			isa = PBXContainerItemProxy;
			containerPortal = 49EE65DC20EB522100E18DD4 /* Project object */;
			proxyType = 1;
			remoteGlobalIDString = 49EE65E320EB522100E18DD4;
			remoteInfo = ARSightseeing;
		};
/* End PBXContainerItemProxy section */

/* Begin PBXFileReference section */
		49BDE5682265AA31003FFA01 /* PHOTOS_LICENSE.md */ = {isa = PBXFileReference; lastKnownFileType = net.daringfireball.markdown; path = PHOTOS_LICENSE.md; sourceTree = "<group>"; };
		49BDE5692265ACE3003FFA01 /* README.md */ = {isa = PBXFileReference; lastKnownFileType = net.daringfireball.markdown; path = README.md; sourceTree = "<group>"; };
		49BDE56A2265ACFF003FFA01 /* LICENSE.md */ = {isa = PBXFileReference; lastKnownFileType = net.daringfireball.markdown; path = LICENSE.md; sourceTree = "<group>"; };
		49D788ED20F323C100AD0602 /* LandmarkDetailsVC.swift */ = {isa = PBXFileReference; lastKnownFileType = sourcecode.swift; path = LandmarkDetailsVC.swift; sourceTree = "<group>"; };
		49EE65E420EB522100E18DD4 /* ARSightseeing.app */ = {isa = PBXFileReference; explicitFileType = wrapper.application; includeInIndex = 0; path = ARSightseeing.app; sourceTree = BUILT_PRODUCTS_DIR; };
		49EE65E720EB522100E18DD4 /* AppDelegate.swift */ = {isa = PBXFileReference; lastKnownFileType = sourcecode.swift; path = AppDelegate.swift; sourceTree = "<group>"; };
		49EE65E920EB522100E18DD4 /* art.scnassets */ = {isa = PBXFileReference; lastKnownFileType = wrapper.scnassets; path = art.scnassets; sourceTree = "<group>"; };
		49EE65EB20EB522100E18DD4 /* ViewController.swift */ = {isa = PBXFileReference; lastKnownFileType = sourcecode.swift; path = ViewController.swift; sourceTree = "<group>"; };
		49EE65EE20EB522100E18DD4 /* Base */ = {isa = PBXFileReference; lastKnownFileType = file.storyboard; name = Base; path = Base.lproj/Main.storyboard; sourceTree = "<group>"; };
		49EE65F020EB522200E18DD4 /* Assets.xcassets */ = {isa = PBXFileReference; lastKnownFileType = folder.assetcatalog; path = Assets.xcassets; sourceTree = "<group>"; };
		49EE65F320EB522200E18DD4 /* Base */ = {isa = PBXFileReference; lastKnownFileType = file.storyboard; name = Base; path = Base.lproj/LaunchScreen.storyboard; sourceTree = "<group>"; };
		49EE65F520EB522200E18DD4 /* Info.plist */ = {isa = PBXFileReference; lastKnownFileType = text.plist.xml; path = Info.plist; sourceTree = "<group>"; };
		49EE65FA20EB522300E18DD4 /* ARSightseeingTests.xctest */ = {isa = PBXFileReference; explicitFileType = wrapper.cfbundle; includeInIndex = 0; path = ARSightseeingTests.xctest; sourceTree = BUILT_PRODUCTS_DIR; };
		49EE65FE20EB522300E18DD4 /* ARSightseeingTests.swift */ = {isa = PBXFileReference; lastKnownFileType = sourcecode.swift; path = ARSightseeingTests.swift; sourceTree = "<group>"; };
		49EE660020EB522300E18DD4 /* Info.plist */ = {isa = PBXFileReference; lastKnownFileType = text.plist.xml; path = Info.plist; sourceTree = "<group>"; };
		49EE660A20EEA20900E18DD4 /* LocationLayerNode.swift */ = {isa = PBXFileReference; lastKnownFileType = sourcecode.swift; path = LocationLayerNode.swift; sourceTree = "<group>"; };
		49EE661120EEB83000E18DD4 /* Locations.json */ = {isa = PBXFileReference; lastKnownFileType = text.json; path = Locations.json; sourceTree = "<group>"; };
		49EE661620EEB8EA00E18DD4 /* LocationObject.swift */ = {isa = PBXFileReference; lastKnownFileType = sourcecode.swift; path = LocationObject.swift; sourceTree = "<group>"; };
		49EE661820EEB91100E18DD4 /* LocationFactory.swift */ = {isa = PBXFileReference; lastKnownFileType = sourcecode.swift; path = LocationFactory.swift; sourceTree = "<group>"; };
		49EE661A20EEBC4C00E18DD4 /* LandmarkNode.swift */ = {isa = PBXFileReference; lastKnownFileType = sourcecode.swift; path = LandmarkNode.swift; sourceTree = "<group>"; };
		6D5AE4BFD0F557A5B585DEF2 /* Pods_ARSightseeing.framework */ = {isa = PBXFileReference; explicitFileType = wrapper.framework; includeInIndex = 0; path = Pods_ARSightseeing.framework; sourceTree = BUILT_PRODUCTS_DIR; };
		72A5B4A07C2DDE5F7AFBE191 /* Pods-ARSightseeing.release.xcconfig */ = {isa = PBXFileReference; includeInIndex = 1; lastKnownFileType = text.xcconfig; name = "Pods-ARSightseeing.release.xcconfig"; path = "Pods/Target Support Files/Pods-ARSightseeing/Pods-ARSightseeing.release.xcconfig"; sourceTree = "<group>"; };
		85B9FEB1087B6F4EEE9720B0 /* Pods-ARSightseeing.debug.xcconfig */ = {isa = PBXFileReference; includeInIndex = 1; lastKnownFileType = text.xcconfig; name = "Pods-ARSightseeing.debug.xcconfig"; path = "Pods/Target Support Files/Pods-ARSightseeing/Pods-ARSightseeing.debug.xcconfig"; sourceTree = "<group>"; };
/* End PBXFileReference section */

/* Begin PBXFrameworksBuildPhase section */
		49EE65E120EB522100E18DD4 /* Frameworks */ = {
			isa = PBXFrameworksBuildPhase;
			buildActionMask = 2147483647;
			files = (
				008C74EE0D619A813CC809F9 /* Pods_ARSightseeing.framework in Frameworks */,
			);
			runOnlyForDeploymentPostprocessing = 0;
		};
		49EE65F720EB522300E18DD4 /* Frameworks */ = {
			isa = PBXFrameworksBuildPhase;
			buildActionMask = 2147483647;
			files = (
			);
			runOnlyForDeploymentPostprocessing = 0;
		};
/* End PBXFrameworksBuildPhase section */

/* Begin PBXGroup section */
		49BDE5652265A34D003FFA01 /* Screens */ = {
			isa = PBXGroup;
			children = (
				49EE65EB20EB522100E18DD4 /* ViewController.swift */,
				49D788ED20F323C100AD0602 /* LandmarkDetailsVC.swift */,
			);
			path = Screens;
			sourceTree = "<group>";
		};
		49BDE5662265A38B003FFA01 /* Model */ = {
			isa = PBXGroup;
			children = (
				49EE661620EEB8EA00E18DD4 /* LocationObject.swift */,
			);
			path = Model;
			sourceTree = "<group>";
		};
		49BDE5672265A3CE003FFA01 /* ARNode */ = {
			isa = PBXGroup;
			children = (
				49EE660A20EEA20900E18DD4 /* LocationLayerNode.swift */,
				49EE661A20EEBC4C00E18DD4 /* LandmarkNode.swift */,
			);
			path = ARNode;
			sourceTree = "<group>";
		};
		49EE65DB20EB522100E18DD4 = {
			isa = PBXGroup;
			children = (
				49BDE56A2265ACFF003FFA01 /* LICENSE.md */,
				49BDE5692265ACE3003FFA01 /* README.md */,
				49EE65E620EB522100E18DD4 /* ARSightseeing */,
				49EE65FD20EB522300E18DD4 /* ARSightseeingTests */,
				49EE65E520EB522100E18DD4 /* Products */,
				A68686377DBF741092A855BC /* Pods */,
				DEC7389390CFB2F719B233D4 /* Frameworks */,
			);
			sourceTree = "<group>";
		};
		49EE65E520EB522100E18DD4 /* Products */ = {
			isa = PBXGroup;
			children = (
				49EE65E420EB522100E18DD4 /* ARSightseeing.app */,
				49EE65FA20EB522300E18DD4 /* ARSightseeingTests.xctest */,
			);
			name = Products;
			sourceTree = "<group>";
		};
		49EE65E620EB522100E18DD4 /* ARSightseeing */ = {
			isa = PBXGroup;
			children = (
				49EE661420EEB85400E18DD4 /* App */,
				49EE660920EEA1A500E18DD4 /* Services */,
				49BDE5662265A38B003FFA01 /* Model */,
				49EE660F20EEB81200E18DD4 /* Resources */,
				49EE661020EEB81800E18DD4 /* UI */,
			);
			path = ARSightseeing;
			sourceTree = "<group>";
		};
		49EE65FD20EB522300E18DD4 /* ARSightseeingTests */ = {
			isa = PBXGroup;
			children = (
				49EE65FE20EB522300E18DD4 /* ARSightseeingTests.swift */,
				49EE660020EB522300E18DD4 /* Info.plist */,
			);
			path = ARSightseeingTests;
			sourceTree = "<group>";
		};
		49EE660920EEA1A500E18DD4 /* Services */ = {
			isa = PBXGroup;
			children = (
				49EE661820EEB91100E18DD4 /* LocationFactory.swift */,
			);
			path = Services;
			sourceTree = "<group>";
		};
		49EE660F20EEB81200E18DD4 /* Resources */ = {
			isa = PBXGroup;
			children = (
				49EE65E920EB522100E18DD4 /* art.scnassets */,
				49EE661120EEB83000E18DD4 /* Locations.json */,
				49EE65F020EB522200E18DD4 /* Assets.xcassets */,
				49EE65F520EB522200E18DD4 /* Info.plist */,
				49BDE5682265AA31003FFA01 /* PHOTOS_LICENSE.md */,
			);
			path = Resources;
			sourceTree = "<group>";
		};
		49EE661020EEB81800E18DD4 /* UI */ = {
			isa = PBXGroup;
			children = (
				49BDE5672265A3CE003FFA01 /* ARNode */,
				49BDE5652265A34D003FFA01 /* Screens */,
				49EE65ED20EB522100E18DD4 /* Main.storyboard */,
				49EE65F220EB522200E18DD4 /* LaunchScreen.storyboard */,
			);
			path = UI;
			sourceTree = "<group>";
		};
		49EE661420EEB85400E18DD4 /* App */ = {
			isa = PBXGroup;
			children = (
				49EE65E720EB522100E18DD4 /* AppDelegate.swift */,
			);
			path = App;
			sourceTree = "<group>";
		};
		A68686377DBF741092A855BC /* Pods */ = {
			isa = PBXGroup;
			children = (
				85B9FEB1087B6F4EEE9720B0 /* Pods-ARSightseeing.debug.xcconfig */,
				72A5B4A07C2DDE5F7AFBE191 /* Pods-ARSightseeing.release.xcconfig */,
			);
			name = Pods;
			sourceTree = "<group>";
		};
		DEC7389390CFB2F719B233D4 /* Frameworks */ = {
			isa = PBXGroup;
			children = (
				6D5AE4BFD0F557A5B585DEF2 /* Pods_ARSightseeing.framework */,
			);
			name = Frameworks;
			sourceTree = "<group>";
		};
/* End PBXGroup section */

/* Begin PBXNativeTarget section */
		49EE65E320EB522100E18DD4 /* ARSightseeing */ = {
			isa = PBXNativeTarget;
			buildConfigurationList = 49EE660320EB522300E18DD4 /* Build configuration list for PBXNativeTarget "ARSightseeing" */;
			buildPhases = (
				3408DD2CB1C247512925D140 /* [CP] Check Pods Manifest.lock */,
				49EE65E020EB522100E18DD4 /* Sources */,
				49EE65E120EB522100E18DD4 /* Frameworks */,
				49EE65E220EB522100E18DD4 /* Resources */,
				4F30CA9CEBD959A5F5529341 /* [CP] Embed Pods Frameworks */,
				C2F4DB551EE67E53B8ED53CB /* [CP] Copy Pods Resources */,
			);
			buildRules = (
			);
			dependencies = (
			);
			name = ARSightseeing;
			productName = ARSightseeing;
			productReference = 49EE65E420EB522100E18DD4 /* ARSightseeing.app */;
			productType = "com.apple.product-type.application";
		};
		49EE65F920EB522300E18DD4 /* ARSightseeingTests */ = {
			isa = PBXNativeTarget;
			buildConfigurationList = 49EE660620EB522300E18DD4 /* Build configuration list for PBXNativeTarget "ARSightseeingTests" */;
			buildPhases = (
				49EE65F620EB522300E18DD4 /* Sources */,
				49EE65F720EB522300E18DD4 /* Frameworks */,
				49EE65F820EB522300E18DD4 /* Resources */,
			);
			buildRules = (
			);
			dependencies = (
				49EE65FC20EB522300E18DD4 /* PBXTargetDependency */,
			);
			name = ARSightseeingTests;
			productName = ARSightseeingTests;
			productReference = 49EE65FA20EB522300E18DD4 /* ARSightseeingTests.xctest */;
			productType = "com.apple.product-type.bundle.unit-test";
		};
/* End PBXNativeTarget section */

/* Begin PBXProject section */
		49EE65DC20EB522100E18DD4 /* Project object */ = {
			isa = PBXProject;
			attributes = {
				LastSwiftUpdateCheck = 0940;
				LastUpgradeCheck = 0940;
				ORGANIZATIONNAME = rodmytro;
				TargetAttributes = {
					49EE65E320EB522100E18DD4 = {
						CreatedOnToolsVersion = 9.4.1;
					};
					49EE65F920EB522300E18DD4 = {
						CreatedOnToolsVersion = 9.4.1;
						TestTargetID = 49EE65E320EB522100E18DD4;
					};
				};
			};
			buildConfigurationList = 49EE65DF20EB522100E18DD4 /* Build configuration list for PBXProject "ARSightseeing" */;
			compatibilityVersion = "Xcode 9.3";
			developmentRegion = en;
			hasScannedForEncodings = 0;
			knownRegions = (
				en,
				Base,
			);
			mainGroup = 49EE65DB20EB522100E18DD4;
			productRefGroup = 49EE65E520EB522100E18DD4 /* Products */;
			projectDirPath = "";
			projectRoot = "";
			targets = (
				49EE65E320EB522100E18DD4 /* ARSightseeing */,
				49EE65F920EB522300E18DD4 /* ARSightseeingTests */,
			);
		};
/* End PBXProject section */

/* Begin PBXResourcesBuildPhase section */
		49EE65E220EB522100E18DD4 /* Resources */ = {
			isa = PBXResourcesBuildPhase;
			buildActionMask = 2147483647;
			files = (
				49EE65EA20EB522100E18DD4 /* art.scnassets in Resources */,
				49EE65F420EB522200E18DD4 /* LaunchScreen.storyboard in Resources */,
				49EE661220EEB83000E18DD4 /* Locations.json in Resources */,
				49EE65F120EB522200E18DD4 /* Assets.xcassets in Resources */,
				49EE65EF20EB522100E18DD4 /* Main.storyboard in Resources */,
			);
			runOnlyForDeploymentPostprocessing = 0;
		};
		49EE65F820EB522300E18DD4 /* Resources */ = {
			isa = PBXResourcesBuildPhase;
			buildActionMask = 2147483647;
			files = (
			);
			runOnlyForDeploymentPostprocessing = 0;
		};
/* End PBXResourcesBuildPhase section */

/* Begin PBXShellScriptBuildPhase section */
		3408DD2CB1C247512925D140 /* [CP] Check Pods Manifest.lock */ = {
			isa = PBXShellScriptBuildPhase;
			buildActionMask = 2147483647;
			files = (
			);
			inputPaths = (
				"${PODS_PODFILE_DIR_PATH}/Podfile.lock",
				"${PODS_ROOT}/Manifest.lock",
			);
			name = "[CP] Check Pods Manifest.lock";
			outputPaths = (
				"$(DERIVED_FILE_DIR)/Pods-ARSightseeing-checkManifestLockResult.txt",
			);
			runOnlyForDeploymentPostprocessing = 0;
			shellPath = /bin/sh;
			shellScript = "diff \"${PODS_PODFILE_DIR_PATH}/Podfile.lock\" \"${PODS_ROOT}/Manifest.lock\" > /dev/null\nif [ $? != 0 ] ; then\n    # print error to STDERR\n    echo \"error: The sandbox is not in sync with the Podfile.lock. Run 'pod install' or update your CocoaPods installation.\" >&2\n    exit 1\nfi\n# This output is used by Xcode 'outputs' to avoid re-running this script phase.\necho \"SUCCESS\" > \"${SCRIPT_OUTPUT_FILE_0}\"\n";
			showEnvVarsInLog = 0;
		};
		4F30CA9CEBD959A5F5529341 /* [CP] Embed Pods Frameworks */ = {
			isa = PBXShellScriptBuildPhase;
			buildActionMask = 2147483647;
			files = (
			);
			inputPaths = (
				"${SRCROOT}/Pods/Target Support Files/Pods-ARSightseeing/Pods-ARSightseeing-frameworks.sh",
				"${BUILT_PRODUCTS_DIR}/ARCL/ARCL.framework",
				"${BUILT_PRODUCTS_DIR}/MIBlurPopup/MIBlurPopup.framework",
			);
			name = "[CP] Embed Pods Frameworks";
			outputPaths = (
				"${TARGET_BUILD_DIR}/${FRAMEWORKS_FOLDER_PATH}/ARCL.framework",
				"${TARGET_BUILD_DIR}/${FRAMEWORKS_FOLDER_PATH}/MIBlurPopup.framework",
			);
			runOnlyForDeploymentPostprocessing = 0;
			shellPath = /bin/sh;
			shellScript = "\"${SRCROOT}/Pods/Target Support Files/Pods-ARSightseeing/Pods-ARSightseeing-frameworks.sh\"\n";
			showEnvVarsInLog = 0;
		};
		C2F4DB551EE67E53B8ED53CB /* [CP] Copy Pods Resources */ = {
			isa = PBXShellScriptBuildPhase;
			buildActionMask = 2147483647;
			files = (
			);
			inputPaths = (
			);
			name = "[CP] Copy Pods Resources";
			outputPaths = (
			);
			runOnlyForDeploymentPostprocessing = 0;
			shellPath = /bin/sh;
			shellScript = "\"${SRCROOT}/Pods/Target Support Files/Pods-ARSightseeing/Pods-ARSightseeing-resources.sh\"\n";
			showEnvVarsInLog = 0;
		};
/* End PBXShellScriptBuildPhase section */

/* Begin PBXSourcesBuildPhase section */
		49EE65E020EB522100E18DD4 /* Sources */ = {
			isa = PBXSourcesBuildPhase;
			buildActionMask = 2147483647;
			files = (
				49EE660B20EEA20900E18DD4 /* LocationLayerNode.swift in Sources */,
				49EE661920EEB91100E18DD4 /* LocationFactory.swift in Sources */,
				49EE661B20EEBC4C00E18DD4 /* LandmarkNode.swift in Sources */,
				49EE65EC20EB522100E18DD4 /* ViewController.swift in Sources */,
				49EE661720EEB8EA00E18DD4 /* LocationObject.swift in Sources */,
				49EE65E820EB522100E18DD4 /* AppDelegate.swift in Sources */,
				49D788EE20F323C100AD0602 /* LandmarkDetailsVC.swift in Sources */,
			);
			runOnlyForDeploymentPostprocessing = 0;
		};
		49EE65F620EB522300E18DD4 /* Sources */ = {
			isa = PBXSourcesBuildPhase;
			buildActionMask = 2147483647;
			files = (
				49EE65FF20EB522300E18DD4 /* ARSightseeingTests.swift in Sources */,
			);
			runOnlyForDeploymentPostprocessing = 0;
		};
/* End PBXSourcesBuildPhase section */

/* Begin PBXTargetDependency section */
		49EE65FC20EB522300E18DD4 /* PBXTargetDependency */ = {
			isa = PBXTargetDependency;
			target = 49EE65E320EB522100E18DD4 /* ARSightseeing */;
			targetProxy = 49EE65FB20EB522300E18DD4 /* PBXContainerItemProxy */;
		};
/* End PBXTargetDependency section */

/* Begin PBXVariantGroup section */
		49EE65ED20EB522100E18DD4 /* Main.storyboard */ = {
			isa = PBXVariantGroup;
			children = (
				49EE65EE20EB522100E18DD4 /* Base */,
			);
			name = Main.storyboard;
			sourceTree = "<group>";
		};
		49EE65F220EB522200E18DD4 /* LaunchScreen.storyboard */ = {
			isa = PBXVariantGroup;
			children = (
				49EE65F320EB522200E18DD4 /* Base */,
			);
			name = LaunchScreen.storyboard;
			sourceTree = "<group>";
		};
/* End PBXVariantGroup section */

/* Begin XCBuildConfiguration section */
		49EE660120EB522300E18DD4 /* Debug */ = {
			isa = XCBuildConfiguration;
			buildSettings = {
				ALWAYS_SEARCH_USER_PATHS = NO;
				CLANG_ANALYZER_NONNULL = YES;
				CLANG_ANALYZER_NUMBER_OBJECT_CONVERSION = YES_AGGRESSIVE;
				CLANG_CXX_LANGUAGE_STANDARD = "gnu++14";
				CLANG_CXX_LIBRARY = "libc++";
				CLANG_ENABLE_MODULES = YES;
				CLANG_ENABLE_OBJC_ARC = YES;
				CLANG_ENABLE_OBJC_WEAK = YES;
				CLANG_WARN_BLOCK_CAPTURE_AUTORELEASING = YES;
				CLANG_WARN_BOOL_CONVERSION = YES;
				CLANG_WARN_COMMA = YES;
				CLANG_WARN_CONSTANT_CONVERSION = YES;
				CLANG_WARN_DEPRECATED_OBJC_IMPLEMENTATIONS = YES;
				CLANG_WARN_DIRECT_OBJC_ISA_USAGE = YES_ERROR;
				CLANG_WARN_DOCUMENTATION_COMMENTS = YES;
				CLANG_WARN_EMPTY_BODY = YES;
				CLANG_WARN_ENUM_CONVERSION = YES;
				CLANG_WARN_INFINITE_RECURSION = YES;
				CLANG_WARN_INT_CONVERSION = YES;
				CLANG_WARN_NON_LITERAL_NULL_CONVERSION = YES;
				CLANG_WARN_OBJC_IMPLICIT_RETAIN_SELF = YES;
				CLANG_WARN_OBJC_LITERAL_CONVERSION = YES;
				CLANG_WARN_OBJC_ROOT_CLASS = YES_ERROR;
				CLANG_WARN_RANGE_LOOP_ANALYSIS = YES;
				CLANG_WARN_STRICT_PROTOTYPES = YES;
				CLANG_WARN_SUSPICIOUS_MOVE = YES;
				CLANG_WARN_UNGUARDED_AVAILABILITY = YES_AGGRESSIVE;
				CLANG_WARN_UNREACHABLE_CODE = YES;
				CLANG_WARN__DUPLICATE_METHOD_MATCH = YES;
				CODE_SIGN_IDENTITY = "iPhone Developer";
				COPY_PHASE_STRIP = NO;
				DEBUG_INFORMATION_FORMAT = dwarf;
				ENABLE_STRICT_OBJC_MSGSEND = YES;
				ENABLE_TESTABILITY = YES;
				GCC_C_LANGUAGE_STANDARD = gnu11;
				GCC_DYNAMIC_NO_PIC = NO;
				GCC_NO_COMMON_BLOCKS = YES;
				GCC_OPTIMIZATION_LEVEL = 0;
				GCC_PREPROCESSOR_DEFINITIONS = (
					"DEBUG=1",
					"$(inherited)",
				);
				GCC_WARN_64_TO_32_BIT_CONVERSION = YES;
				GCC_WARN_ABOUT_RETURN_TYPE = YES_ERROR;
				GCC_WARN_UNDECLARED_SELECTOR = YES;
				GCC_WARN_UNINITIALIZED_AUTOS = YES_AGGRESSIVE;
				GCC_WARN_UNUSED_FUNCTION = YES;
				GCC_WARN_UNUSED_VARIABLE = YES;
				IPHONEOS_DEPLOYMENT_TARGET = 11.4;
				MTL_ENABLE_DEBUG_INFO = YES;
				ONLY_ACTIVE_ARCH = YES;
				SDKROOT = iphoneos;
				SWIFT_ACTIVE_COMPILATION_CONDITIONS = DEBUG;
				SWIFT_OPTIMIZATION_LEVEL = "-Onone";
			};
			name = Debug;
		};
		49EE660220EB522300E18DD4 /* Release */ = {
			isa = XCBuildConfiguration;
			buildSettings = {
				ALWAYS_SEARCH_USER_PATHS = NO;
				CLANG_ANALYZER_NONNULL = YES;
				CLANG_ANALYZER_NUMBER_OBJECT_CONVERSION = YES_AGGRESSIVE;
				CLANG_CXX_LANGUAGE_STANDARD = "gnu++14";
				CLANG_CXX_LIBRARY = "libc++";
				CLANG_ENABLE_MODULES = YES;
				CLANG_ENABLE_OBJC_ARC = YES;
				CLANG_ENABLE_OBJC_WEAK = YES;
				CLANG_WARN_BLOCK_CAPTURE_AUTORELEASING = YES;
				CLANG_WARN_BOOL_CONVERSION = YES;
				CLANG_WARN_COMMA = YES;
				CLANG_WARN_CONSTANT_CONVERSION = YES;
				CLANG_WARN_DEPRECATED_OBJC_IMPLEMENTATIONS = YES;
				CLANG_WARN_DIRECT_OBJC_ISA_USAGE = YES_ERROR;
				CLANG_WARN_DOCUMENTATION_COMMENTS = YES;
				CLANG_WARN_EMPTY_BODY = YES;
				CLANG_WARN_ENUM_CONVERSION = YES;
				CLANG_WARN_INFINITE_RECURSION = YES;
				CLANG_WARN_INT_CONVERSION = YES;
				CLANG_WARN_NON_LITERAL_NULL_CONVERSION = YES;
				CLANG_WARN_OBJC_IMPLICIT_RETAIN_SELF = YES;
				CLANG_WARN_OBJC_LITERAL_CONVERSION = YES;
				CLANG_WARN_OBJC_ROOT_CLASS = YES_ERROR;
				CLANG_WARN_RANGE_LOOP_ANALYSIS = YES;
				CLANG_WARN_STRICT_PROTOTYPES = YES;
				CLANG_WARN_SUSPICIOUS_MOVE = YES;
				CLANG_WARN_UNGUARDED_AVAILABILITY = YES_AGGRESSIVE;
				CLANG_WARN_UNREACHABLE_CODE = YES;
				CLANG_WARN__DUPLICATE_METHOD_MATCH = YES;
				CODE_SIGN_IDENTITY = "iPhone Developer";
				COPY_PHASE_STRIP = NO;
				DEBUG_INFORMATION_FORMAT = "dwarf-with-dsym";
				ENABLE_NS_ASSERTIONS = NO;
				ENABLE_STRICT_OBJC_MSGSEND = YES;
				GCC_C_LANGUAGE_STANDARD = gnu11;
				GCC_NO_COMMON_BLOCKS = YES;
				GCC_WARN_64_TO_32_BIT_CONVERSION = YES;
				GCC_WARN_ABOUT_RETURN_TYPE = YES_ERROR;
				GCC_WARN_UNDECLARED_SELECTOR = YES;
				GCC_WARN_UNINITIALIZED_AUTOS = YES_AGGRESSIVE;
				GCC_WARN_UNUSED_FUNCTION = YES;
				GCC_WARN_UNUSED_VARIABLE = YES;
				IPHONEOS_DEPLOYMENT_TARGET = 11.4;
				MTL_ENABLE_DEBUG_INFO = NO;
				SDKROOT = iphoneos;
				SWIFT_COMPILATION_MODE = wholemodule;
				SWIFT_OPTIMIZATION_LEVEL = "-O";
				VALIDATE_PRODUCT = YES;
			};
			name = Release;
		};
		49EE660420EB522300E18DD4 /* Debug */ = {
			isa = XCBuildConfiguration;
			baseConfigurationReference = 85B9FEB1087B6F4EEE9720B0 /* Pods-ARSightseeing.debug.xcconfig */;
			buildSettings = {
				ASSETCATALOG_COMPILER_APPICON_NAME = AppIcon;
				CODE_SIGN_STYLE = Automatic;
				DEVELOPMENT_TEAM = WB6NH5HQ29;
				INFOPLIST_FILE = ARSightseeing/Resources/Info.plist;
				IPHONEOS_DEPLOYMENT_TARGET = 11.3;
				LD_RUNPATH_SEARCH_PATHS = (
					"$(inherited)",
					"@executable_path/Frameworks",
				);
				PRODUCT_BUNDLE_IDENTIFIER = com.rodmytro.ARSightseeing;
				PRODUCT_NAME = "$(TARGET_NAME)";
				SWIFT_VERSION = 4.0;
				TARGETED_DEVICE_FAMILY = "1,2";
			};
			name = Debug;
		};
		49EE660520EB522300E18DD4 /* Release */ = {
			isa = XCBuildConfiguration;
			baseConfigurationReference = 72A5B4A07C2DDE5F7AFBE191 /* Pods-ARSightseeing.release.xcconfig */;
			buildSettings = {
				ASSETCATALOG_COMPILER_APPICON_NAME = AppIcon;
				CODE_SIGN_STYLE = Automatic;
				DEVELOPMENT_TEAM = WB6NH5HQ29;
				INFOPLIST_FILE = ARSightseeing/Resources/Info.plist;
				IPHONEOS_DEPLOYMENT_TARGET = 11.3;
				LD_RUNPATH_SEARCH_PATHS = (
					"$(inherited)",
					"@executable_path/Frameworks",
				);
				PRODUCT_BUNDLE_IDENTIFIER = com.rodmytro.ARSightseeing;
				PRODUCT_NAME = "$(TARGET_NAME)";
				SWIFT_VERSION = 4.0;
				TARGETED_DEVICE_FAMILY = "1,2";
			};
			name = Release;
		};
		49EE660720EB522300E18DD4 /* Debug */ = {
			isa = XCBuildConfiguration;
			buildSettings = {
				ALWAYS_EMBED_SWIFT_STANDARD_LIBRARIES = YES;
				BUNDLE_LOADER = "$(TEST_HOST)";
				CODE_SIGN_STYLE = Automatic;
				DEVELOPMENT_TEAM = XP965TLDBX;
				INFOPLIST_FILE = ARSightseeingTests/Info.plist;
				LD_RUNPATH_SEARCH_PATHS = (
					"$(inherited)",
					"@executable_path/Frameworks",
					"@loader_path/Frameworks",
				);
				PRODUCT_BUNDLE_IDENTIFIER = com.rodmytro.ARSightseeingTests;
				PRODUCT_NAME = "$(TARGET_NAME)";
				SWIFT_VERSION = 4.0;
				TARGETED_DEVICE_FAMILY = "1,2";
				TEST_HOST = "$(BUILT_PRODUCTS_DIR)/ARSightseeing.app/ARSightseeing";
			};
			name = Debug;
		};
		49EE660820EB522300E18DD4 /* Release */ = {
			isa = XCBuildConfiguration;
			buildSettings = {
				ALWAYS_EMBED_SWIFT_STANDARD_LIBRARIES = YES;
				BUNDLE_LOADER = "$(TEST_HOST)";
				CODE_SIGN_STYLE = Automatic;
				DEVELOPMENT_TEAM = XP965TLDBX;
				INFOPLIST_FILE = ARSightseeingTests/Info.plist;
				LD_RUNPATH_SEARCH_PATHS = (
					"$(inherited)",
					"@executable_path/Frameworks",
					"@loader_path/Frameworks",
				);
				PRODUCT_BUNDLE_IDENTIFIER = com.rodmytro.ARSightseeingTests;
				PRODUCT_NAME = "$(TARGET_NAME)";
				SWIFT_VERSION = 4.0;
				TARGETED_DEVICE_FAMILY = "1,2";
				TEST_HOST = "$(BUILT_PRODUCTS_DIR)/ARSightseeing.app/ARSightseeing";
			};
			name = Release;
		};
/* End XCBuildConfiguration section */

/* Begin XCConfigurationList section */
		49EE65DF20EB522100E18DD4 /* Build configuration list for PBXProject "ARSightseeing" */ = {
			isa = XCConfigurationList;
			buildConfigurations = (
				49EE660120EB522300E18DD4 /* Debug */,
				49EE660220EB522300E18DD4 /* Release */,
			);
			defaultConfigurationIsVisible = 0;
			defaultConfigurationName = Release;
		};
		49EE660320EB522300E18DD4 /* Build configuration list for PBXNativeTarget "ARSightseeing" */ = {
			isa = XCConfigurationList;
			buildConfigurations = (
				49EE660420EB522300E18DD4 /* Debug */,
				49EE660520EB522300E18DD4 /* Release */,
			);
			defaultConfigurationIsVisible = 0;
			defaultConfigurationName = Release;
		};
		49EE660620EB522300E18DD4 /* Build configuration list for PBXNativeTarget "ARSightseeingTests" */ = {
			isa = XCConfigurationList;
			buildConfigurations = (
				49EE660720EB522300E18DD4 /* Debug */,
				49EE660820EB522300E18DD4 /* Release */,
			);
			defaultConfigurationIsVisible = 0;
			defaultConfigurationName = Release;
		};
/* End XCConfigurationList section */
	};
	rootObject = 49EE65DC20EB522100E18DD4 /* Project object */;
}
